
Microsoft Visual Studio Solution File, Format Version 12.00
# Visual Studio Version 17
VisualStudioVersion = 17.3.32929.385
MinimumVisualStudioVersion = 10.0.40219.1
Project("{9A19103F-16F7-4668-BE54-9A1E7A4F7556}") = "CDP4Common", "CDP4Common\CDP4Common.csproj", "{66BB2677-B6D6-43F2-A56C-884FADF6ABF9}"
EndProject
Project("{9A19103F-16F7-4668-BE54-9A1E7A4F7556}") = "CDP4Common.Tests", "CDP4Common.Tests\CDP4Common.Tests.csproj", "{850A39B6-BCB6-46D9-B7D7-8CED79302E19}"
EndProject
Project("{9A19103F-16F7-4668-BE54-9A1E7A4F7556}") = "CDP4JsonSerializer", "CDP4JsonSerializer\CDP4JsonSerializer.csproj", "{A8F3B7A2-DC51-40D7-B886-51174DDDF668}"
EndProject
Project("{9A19103F-16F7-4668-BE54-9A1E7A4F7556}") = "CDP4JsonSerializer.Tests", "CDP4JsonSerializer.Tests\CDP4JsonSerializer.Tests.csproj", "{CCED2E8F-5072-45B0-B4A4-1200C348E903}"
EndProject
Project("{9A19103F-16F7-4668-BE54-9A1E7A4F7556}") = "CDP4Dal", "CDP4Dal\CDP4Dal.csproj", "{6410A3C1-F166-4B40-91E6-49CC312B968A}"
EndProject
Project("{9A19103F-16F7-4668-BE54-9A1E7A4F7556}") = "CDP4Dal.Tests", "CDP4Dal.Tests\CDP4Dal.Tests.csproj", "{D7EF94D5-1E5A-4D22-8D23-D6737C71CBE1}"
EndProject
Project("{9A19103F-16F7-4668-BE54-9A1E7A4F7556}") = "CDP4Common.NetCore.Tests", "CDP4Common.NetCore.Tests\CDP4Common.NetCore.Tests.csproj", "{39F6D678-F3EF-458A-9C6B-680F272314D3}"
EndProject
Project("{9A19103F-16F7-4668-BE54-9A1E7A4F7556}") = "CDP4JsonSerializer.NetCore.Tests", "CDP4JsonSerializer.NetCore.Tests\CDP4JsonSerializer.NetCore.Tests.csproj", "{8C50DC9F-10D4-4BC1-9A49-4FC03AC78767}"
EndProject
Project("{9A19103F-16F7-4668-BE54-9A1E7A4F7556}") = "CDP4JsonFileDal", "CDP4JsonFileDal\CDP4JsonFileDal.csproj", "{3CE04A57-83EE-4E31-8AC7-D99628C848E6}"
EndProject
Project("{9A19103F-16F7-4668-BE54-9A1E7A4F7556}") = "CDP4JsonFileDal.Tests", "CDP4JsonFileDal.Tests\CDP4JsonFileDal.Tests.csproj", "{81F3A560-BC12-4B2A-B60B-E64533E9AC99}"
EndProject
Project("{9A19103F-16F7-4668-BE54-9A1E7A4F7556}") = "CDP4ServicesDal", "CDP4ServicesDal\CDP4ServicesDal.csproj", "{6F9030E9-C774-4247-BA84-4CBF288A844D}"
EndProject
Project("{9A19103F-16F7-4668-BE54-9A1E7A4F7556}") = "CDP4ServicesDal.Tests", "CDP4ServicesDal.Tests\CDP4ServicesDal.Tests.csproj", "{2FF7ED2F-F866-40B9-9FCC-D151404242F2}"
EndProject
Project("{9A19103F-16F7-4668-BE54-9A1E7A4F7556}") = "CDP4WspDal", "CDP4WspDal\CDP4WspDal.csproj", "{73547666-55AA-4364-9A5E-1A50693D1576}"
EndProject
Project("{9A19103F-16F7-4668-BE54-9A1E7A4F7556}") = "CDP4WspDal.Tests", "CDP4WspDal.Tests\CDP4WspDal.Tests.csproj", "{88D4A523-C0DA-49C4-94DE-8E3BF93856BB}"
EndProject
Project("{9A19103F-16F7-4668-BE54-9A1E7A4F7556}") = "CDP4Dal.NetCore.Tests", "CDP4Dal.NetCore.Tests\CDP4Dal.NetCore.Tests.csproj", "{E7A734D4-B28C-4D40-9C20-7EBB70AAAF3C}"
EndProject
Project("{9A19103F-16F7-4668-BE54-9A1E7A4F7556}") = "CDP4ServicesDal.NetCore.Tests", "CDP4ServicesDal.NetCore.Tests\CDP4ServicesDal.NetCore.Tests.csproj", "{588AA66A-067B-408F-A5A0-2CC90770850A}"
EndProject
Project("{9A19103F-16F7-4668-BE54-9A1E7A4F7556}") = "CDP4WspDal.NetCore.Tests", "CDP4WspDal.NetCore.Tests\CDP4WspDal.NetCore.Tests.csproj", "{46B293DE-39D4-4012-9FAA-DA7A62F0AD45}"
EndProject
Project("{9A19103F-16F7-4668-BE54-9A1E7A4F7556}") = "CDP4JsonFileDal.NetCore.Tests", "CDP4JsonFileDal.NetCore.Tests\CDP4JsonFileDal.NetCore.Tests.csproj", "{0764766C-07C4-40D8-9910-25D93002A927}"
EndProject
Project("{9A19103F-16F7-4668-BE54-9A1E7A4F7556}") = "CDP4Rules", "CDP4Rules\CDP4Rules.csproj", "{9EE84CC2-E768-4AB5-A657-1C36D602BEB4}"
EndProject
Project("{9A19103F-16F7-4668-BE54-9A1E7A4F7556}") = "CDP4Rules.NetCore.Tests", "CDP4Rules.NetCore.Tests\CDP4Rules.NetCore.Tests.csproj", "{95515A03-E02B-4C65-992D-32B82F763F7E}"
EndProject
Project("{9A19103F-16F7-4668-BE54-9A1E7A4F7556}") = "CDP4RequirementsVerification", "CDP4RequirementsVerification\CDP4RequirementsVerification.csproj", "{FB7DD7DF-988D-4206-86F2-5866B31DC011}"
EndProject
Project("{9A19103F-16F7-4668-BE54-9A1E7A4F7556}") = "CDP4RequirementsVerification.Tests", "CDP4RequirementsVerification.Tests\CDP4RequirementsVerification.Tests.csproj", "{139C6384-D647-4D04-9265-F51324CE2906}"
EndProject
Project("{2150E333-8FDC-42A3-9474-1A3956D46DE8}") = "Solution Items", "Solution Items", "{8B27CAF4-B780-43A8-B0CA-768A294C599C}"
	ProjectSection(SolutionItems) = preProject
		CDP4-SDK.sln.DotSettings = CDP4-SDK.sln.DotSettings
		.github\workflows\codeql-analysis.yml = .github\workflows\codeql-analysis.yml
		.github\workflows\CodeQuality.yml = .github\workflows\CodeQuality.yml
		README.md = README.md
	EndProjectSection
EndProject
Project("{9A19103F-16F7-4668-BE54-9A1E7A4F7556}") = "CDP4Reporting", "CDP4Reporting\CDP4Reporting.csproj", "{038DAADE-63BF-461F-A20E-F551E19C3FFD}"
EndProject
Project("{9A19103F-16F7-4668-BE54-9A1E7A4F7556}") = "CDP4Reporting.Tests", "CDP4Reporting.Tests\CDP4Reporting.Tests.csproj", "{0320A3B7-087A-4AD6-93F7-90F563132399}"
EndProject
Project("{9A19103F-16F7-4668-BE54-9A1E7A4F7556}") = "CDP4MessagePackSerializer", "CDP4MessagePackSerializer\CDP4MessagePackSerializer.csproj", "{231DC960-B227-46CA-B345-E9C4B7CFBC01}"
EndProject
Project("{9A19103F-16F7-4668-BE54-9A1E7A4F7556}") = "CDP4MessagePackSerializer.Tests", "CDP4MessagePackSerializer.Tests\CDP4MessagePackSerializer.Tests.csproj", "{CBECE184-A79F-4D71-82F6-3DA29FF9E048}"
EndProject
Project("{2150E333-8FDC-42A3-9474-1A3956D46DE8}") = "Github Actions", "Github Actions", "{A51D9FCE-BFF3-4428-B538-B6A45B3A5401}"
	ProjectSection(SolutionItems) = preProject
		.github\workflows\codeql-analysis.yml = .github\workflows\codeql-analysis.yml
		.github\workflows\CodeQuality.yml = .github\workflows\CodeQuality.yml
	EndProjectSection
EndProject
Project("{9A19103F-16F7-4668-BE54-9A1E7A4F7556}") = "CDP4Web", "CDP4Web\CDP4Web.csproj", "{7192A78E-654C-4993-A9D7-A3EFE78DD66F}"
EndProject
Project("{9A19103F-16F7-4668-BE54-9A1E7A4F7556}") = "CDP4Web.Tests", "CDP4Web.Tests\CDP4Web.Tests.csproj", "{DC9B5826-822F-4CC3-97D6-38D3AFC552EC}"
EndProject
Project("{9A19103F-16F7-4668-BE54-9A1E7A4F7556}") = "CDP4ServicesMessaging", "CDP4ServicesMessaging\CDP4ServicesMessaging.csproj", "{F703BD14-CDE4-4A34-8486-F6A88374A630}"
EndProject
Project("{9A19103F-16F7-4668-BE54-9A1E7A4F7556}") = "CDP4ServicesMessaging.Tests", "CDP4ServicesMessaging.Tests\CDP4ServicesMessaging.Tests.csproj", "{210B96F7-2695-4750-8808-D895C8C2E303}"
EndProject
Project("{9A19103F-16F7-4668-BE54-9A1E7A4F7556}") = "CDP4DalCommon", "CDP4DalCommon\CDP4DalCommon.csproj", "{E7CDB217-8442-4FD4-8E87-F4A8BFE9622A}"
EndProject
Global
	GlobalSection(SolutionConfigurationPlatforms) = preSolution
		Debug|Any CPU = Debug|Any CPU
		Release|Any CPU = Release|Any CPU
	EndGlobalSection
	GlobalSection(ProjectConfigurationPlatforms) = postSolution
		{66BB2677-B6D6-43F2-A56C-884FADF6ABF9}.Debug|Any CPU.ActiveCfg = Debug|Any CPU
		{66BB2677-B6D6-43F2-A56C-884FADF6ABF9}.Debug|Any CPU.Build.0 = Debug|Any CPU
		{66BB2677-B6D6-43F2-A56C-884FADF6ABF9}.Release|Any CPU.ActiveCfg = Release|Any CPU
		{66BB2677-B6D6-43F2-A56C-884FADF6ABF9}.Release|Any CPU.Build.0 = Release|Any CPU
		{850A39B6-BCB6-46D9-B7D7-8CED79302E19}.Debug|Any CPU.ActiveCfg = Debug|Any CPU
		{850A39B6-BCB6-46D9-B7D7-8CED79302E19}.Debug|Any CPU.Build.0 = Debug|Any CPU
		{850A39B6-BCB6-46D9-B7D7-8CED79302E19}.Release|Any CPU.ActiveCfg = Release|Any CPU
		{850A39B6-BCB6-46D9-B7D7-8CED79302E19}.Release|Any CPU.Build.0 = Release|Any CPU
		{A8F3B7A2-DC51-40D7-B886-51174DDDF668}.Debug|Any CPU.ActiveCfg = Debug|Any CPU
		{A8F3B7A2-DC51-40D7-B886-51174DDDF668}.Debug|Any CPU.Build.0 = Debug|Any CPU
		{A8F3B7A2-DC51-40D7-B886-51174DDDF668}.Release|Any CPU.ActiveCfg = Release|Any CPU
		{A8F3B7A2-DC51-40D7-B886-51174DDDF668}.Release|Any CPU.Build.0 = Release|Any CPU
		{CCED2E8F-5072-45B0-B4A4-1200C348E903}.Debug|Any CPU.ActiveCfg = Debug|Any CPU
		{CCED2E8F-5072-45B0-B4A4-1200C348E903}.Debug|Any CPU.Build.0 = Debug|Any CPU
		{CCED2E8F-5072-45B0-B4A4-1200C348E903}.Release|Any CPU.ActiveCfg = Release|Any CPU
		{CCED2E8F-5072-45B0-B4A4-1200C348E903}.Release|Any CPU.Build.0 = Release|Any CPU
		{6410A3C1-F166-4B40-91E6-49CC312B968A}.Debug|Any CPU.ActiveCfg = Debug|Any CPU
		{6410A3C1-F166-4B40-91E6-49CC312B968A}.Debug|Any CPU.Build.0 = Debug|Any CPU
		{6410A3C1-F166-4B40-91E6-49CC312B968A}.Release|Any CPU.ActiveCfg = Release|Any CPU
		{6410A3C1-F166-4B40-91E6-49CC312B968A}.Release|Any CPU.Build.0 = Release|Any CPU
		{D7EF94D5-1E5A-4D22-8D23-D6737C71CBE1}.Debug|Any CPU.ActiveCfg = Debug|Any CPU
		{D7EF94D5-1E5A-4D22-8D23-D6737C71CBE1}.Debug|Any CPU.Build.0 = Debug|Any CPU
		{D7EF94D5-1E5A-4D22-8D23-D6737C71CBE1}.Release|Any CPU.ActiveCfg = Release|Any CPU
		{D7EF94D5-1E5A-4D22-8D23-D6737C71CBE1}.Release|Any CPU.Build.0 = Release|Any CPU
		{39F6D678-F3EF-458A-9C6B-680F272314D3}.Debug|Any CPU.ActiveCfg = Debug|Any CPU
		{39F6D678-F3EF-458A-9C6B-680F272314D3}.Debug|Any CPU.Build.0 = Debug|Any CPU
		{39F6D678-F3EF-458A-9C6B-680F272314D3}.Release|Any CPU.ActiveCfg = Release|Any CPU
		{39F6D678-F3EF-458A-9C6B-680F272314D3}.Release|Any CPU.Build.0 = Release|Any CPU
		{8C50DC9F-10D4-4BC1-9A49-4FC03AC78767}.Debug|Any CPU.ActiveCfg = Debug|Any CPU
		{8C50DC9F-10D4-4BC1-9A49-4FC03AC78767}.Debug|Any CPU.Build.0 = Debug|Any CPU
		{8C50DC9F-10D4-4BC1-9A49-4FC03AC78767}.Release|Any CPU.ActiveCfg = Release|Any CPU
		{8C50DC9F-10D4-4BC1-9A49-4FC03AC78767}.Release|Any CPU.Build.0 = Release|Any CPU
		{3CE04A57-83EE-4E31-8AC7-D99628C848E6}.Debug|Any CPU.ActiveCfg = Debug|Any CPU
		{3CE04A57-83EE-4E31-8AC7-D99628C848E6}.Debug|Any CPU.Build.0 = Debug|Any CPU
		{3CE04A57-83EE-4E31-8AC7-D99628C848E6}.Release|Any CPU.ActiveCfg = Release|Any CPU
		{3CE04A57-83EE-4E31-8AC7-D99628C848E6}.Release|Any CPU.Build.0 = Release|Any CPU
		{81F3A560-BC12-4B2A-B60B-E64533E9AC99}.Debug|Any CPU.ActiveCfg = Debug|Any CPU
		{81F3A560-BC12-4B2A-B60B-E64533E9AC99}.Debug|Any CPU.Build.0 = Debug|Any CPU
		{81F3A560-BC12-4B2A-B60B-E64533E9AC99}.Release|Any CPU.ActiveCfg = Release|Any CPU
		{81F3A560-BC12-4B2A-B60B-E64533E9AC99}.Release|Any CPU.Build.0 = Release|Any CPU
		{6F9030E9-C774-4247-BA84-4CBF288A844D}.Debug|Any CPU.ActiveCfg = Debug|Any CPU
		{6F9030E9-C774-4247-BA84-4CBF288A844D}.Debug|Any CPU.Build.0 = Debug|Any CPU
		{6F9030E9-C774-4247-BA84-4CBF288A844D}.Release|Any CPU.ActiveCfg = Release|Any CPU
		{6F9030E9-C774-4247-BA84-4CBF288A844D}.Release|Any CPU.Build.0 = Release|Any CPU
		{2FF7ED2F-F866-40B9-9FCC-D151404242F2}.Debug|Any CPU.ActiveCfg = Debug|Any CPU
		{2FF7ED2F-F866-40B9-9FCC-D151404242F2}.Debug|Any CPU.Build.0 = Debug|Any CPU
		{2FF7ED2F-F866-40B9-9FCC-D151404242F2}.Release|Any CPU.ActiveCfg = Release|Any CPU
		{2FF7ED2F-F866-40B9-9FCC-D151404242F2}.Release|Any CPU.Build.0 = Release|Any CPU
		{73547666-55AA-4364-9A5E-1A50693D1576}.Debug|Any CPU.ActiveCfg = Debug|Any CPU
		{73547666-55AA-4364-9A5E-1A50693D1576}.Debug|Any CPU.Build.0 = Debug|Any CPU
		{73547666-55AA-4364-9A5E-1A50693D1576}.Release|Any CPU.ActiveCfg = Release|Any CPU
		{73547666-55AA-4364-9A5E-1A50693D1576}.Release|Any CPU.Build.0 = Release|Any CPU
		{88D4A523-C0DA-49C4-94DE-8E3BF93856BB}.Debug|Any CPU.ActiveCfg = Debug|Any CPU
		{88D4A523-C0DA-49C4-94DE-8E3BF93856BB}.Debug|Any CPU.Build.0 = Debug|Any CPU
		{88D4A523-C0DA-49C4-94DE-8E3BF93856BB}.Release|Any CPU.ActiveCfg = Release|Any CPU
		{88D4A523-C0DA-49C4-94DE-8E3BF93856BB}.Release|Any CPU.Build.0 = Release|Any CPU
		{E7A734D4-B28C-4D40-9C20-7EBB70AAAF3C}.Debug|Any CPU.ActiveCfg = Debug|Any CPU
		{E7A734D4-B28C-4D40-9C20-7EBB70AAAF3C}.Debug|Any CPU.Build.0 = Debug|Any CPU
		{E7A734D4-B28C-4D40-9C20-7EBB70AAAF3C}.Release|Any CPU.ActiveCfg = Release|Any CPU
		{E7A734D4-B28C-4D40-9C20-7EBB70AAAF3C}.Release|Any CPU.Build.0 = Release|Any CPU
		{588AA66A-067B-408F-A5A0-2CC90770850A}.Debug|Any CPU.ActiveCfg = Debug|Any CPU
		{588AA66A-067B-408F-A5A0-2CC90770850A}.Debug|Any CPU.Build.0 = Debug|Any CPU
		{588AA66A-067B-408F-A5A0-2CC90770850A}.Release|Any CPU.ActiveCfg = Release|Any CPU
		{588AA66A-067B-408F-A5A0-2CC90770850A}.Release|Any CPU.Build.0 = Release|Any CPU
		{46B293DE-39D4-4012-9FAA-DA7A62F0AD45}.Debug|Any CPU.ActiveCfg = Debug|Any CPU
		{46B293DE-39D4-4012-9FAA-DA7A62F0AD45}.Debug|Any CPU.Build.0 = Debug|Any CPU
		{46B293DE-39D4-4012-9FAA-DA7A62F0AD45}.Release|Any CPU.ActiveCfg = Release|Any CPU
		{46B293DE-39D4-4012-9FAA-DA7A62F0AD45}.Release|Any CPU.Build.0 = Release|Any CPU
		{0764766C-07C4-40D8-9910-25D93002A927}.Debug|Any CPU.ActiveCfg = Debug|Any CPU
		{0764766C-07C4-40D8-9910-25D93002A927}.Debug|Any CPU.Build.0 = Debug|Any CPU
		{0764766C-07C4-40D8-9910-25D93002A927}.Release|Any CPU.ActiveCfg = Release|Any CPU
		{0764766C-07C4-40D8-9910-25D93002A927}.Release|Any CPU.Build.0 = Release|Any CPU
		{9EE84CC2-E768-4AB5-A657-1C36D602BEB4}.Debug|Any CPU.ActiveCfg = Debug|Any CPU
		{9EE84CC2-E768-4AB5-A657-1C36D602BEB4}.Debug|Any CPU.Build.0 = Debug|Any CPU
		{9EE84CC2-E768-4AB5-A657-1C36D602BEB4}.Release|Any CPU.ActiveCfg = Release|Any CPU
		{9EE84CC2-E768-4AB5-A657-1C36D602BEB4}.Release|Any CPU.Build.0 = Release|Any CPU
		{95515A03-E02B-4C65-992D-32B82F763F7E}.Debug|Any CPU.ActiveCfg = Debug|Any CPU
		{95515A03-E02B-4C65-992D-32B82F763F7E}.Debug|Any CPU.Build.0 = Debug|Any CPU
		{95515A03-E02B-4C65-992D-32B82F763F7E}.Release|Any CPU.ActiveCfg = Release|Any CPU
		{95515A03-E02B-4C65-992D-32B82F763F7E}.Release|Any CPU.Build.0 = Release|Any CPU
		{FB7DD7DF-988D-4206-86F2-5866B31DC011}.Debug|Any CPU.ActiveCfg = Debug|Any CPU
		{FB7DD7DF-988D-4206-86F2-5866B31DC011}.Debug|Any CPU.Build.0 = Debug|Any CPU
		{FB7DD7DF-988D-4206-86F2-5866B31DC011}.Release|Any CPU.ActiveCfg = Release|Any CPU
		{FB7DD7DF-988D-4206-86F2-5866B31DC011}.Release|Any CPU.Build.0 = Release|Any CPU
		{139C6384-D647-4D04-9265-F51324CE2906}.Debug|Any CPU.ActiveCfg = Debug|Any CPU
		{139C6384-D647-4D04-9265-F51324CE2906}.Debug|Any CPU.Build.0 = Debug|Any CPU
		{139C6384-D647-4D04-9265-F51324CE2906}.Release|Any CPU.ActiveCfg = Release|Any CPU
		{139C6384-D647-4D04-9265-F51324CE2906}.Release|Any CPU.Build.0 = Release|Any CPU
		{038DAADE-63BF-461F-A20E-F551E19C3FFD}.Debug|Any CPU.ActiveCfg = Debug|Any CPU
		{038DAADE-63BF-461F-A20E-F551E19C3FFD}.Debug|Any CPU.Build.0 = Debug|Any CPU
		{038DAADE-63BF-461F-A20E-F551E19C3FFD}.Release|Any CPU.ActiveCfg = Release|Any CPU
		{038DAADE-63BF-461F-A20E-F551E19C3FFD}.Release|Any CPU.Build.0 = Release|Any CPU
		{0320A3B7-087A-4AD6-93F7-90F563132399}.Debug|Any CPU.ActiveCfg = Debug|Any CPU
		{0320A3B7-087A-4AD6-93F7-90F563132399}.Debug|Any CPU.Build.0 = Debug|Any CPU
		{0320A3B7-087A-4AD6-93F7-90F563132399}.Release|Any CPU.ActiveCfg = Release|Any CPU
		{0320A3B7-087A-4AD6-93F7-90F563132399}.Release|Any CPU.Build.0 = Release|Any CPU
		{231DC960-B227-46CA-B345-E9C4B7CFBC01}.Debug|Any CPU.ActiveCfg = Debug|Any CPU
		{231DC960-B227-46CA-B345-E9C4B7CFBC01}.Debug|Any CPU.Build.0 = Debug|Any CPU
		{231DC960-B227-46CA-B345-E9C4B7CFBC01}.Release|Any CPU.ActiveCfg = Release|Any CPU
		{231DC960-B227-46CA-B345-E9C4B7CFBC01}.Release|Any CPU.Build.0 = Release|Any CPU
		{CBECE184-A79F-4D71-82F6-3DA29FF9E048}.Debug|Any CPU.ActiveCfg = Debug|Any CPU
		{CBECE184-A79F-4D71-82F6-3DA29FF9E048}.Debug|Any CPU.Build.0 = Debug|Any CPU
		{CBECE184-A79F-4D71-82F6-3DA29FF9E048}.Release|Any CPU.ActiveCfg = Release|Any CPU
		{CBECE184-A79F-4D71-82F6-3DA29FF9E048}.Release|Any CPU.Build.0 = Release|Any CPU
		{7192A78E-654C-4993-A9D7-A3EFE78DD66F}.Debug|Any CPU.ActiveCfg = Debug|Any CPU
		{7192A78E-654C-4993-A9D7-A3EFE78DD66F}.Debug|Any CPU.Build.0 = Debug|Any CPU
		{7192A78E-654C-4993-A9D7-A3EFE78DD66F}.Release|Any CPU.ActiveCfg = Release|Any CPU
		{7192A78E-654C-4993-A9D7-A3EFE78DD66F}.Release|Any CPU.Build.0 = Release|Any CPU
		{DC9B5826-822F-4CC3-97D6-38D3AFC552EC}.Debug|Any CPU.ActiveCfg = Debug|Any CPU
		{DC9B5826-822F-4CC3-97D6-38D3AFC552EC}.Debug|Any CPU.Build.0 = Debug|Any CPU
		{DC9B5826-822F-4CC3-97D6-38D3AFC552EC}.Release|Any CPU.ActiveCfg = Release|Any CPU
		{DC9B5826-822F-4CC3-97D6-38D3AFC552EC}.Release|Any CPU.Build.0 = Release|Any CPU
		{F703BD14-CDE4-4A34-8486-F6A88374A630}.Debug|Any CPU.ActiveCfg = Debug|Any CPU
		{F703BD14-CDE4-4A34-8486-F6A88374A630}.Debug|Any CPU.Build.0 = Debug|Any CPU
		{F703BD14-CDE4-4A34-8486-F6A88374A630}.Release|Any CPU.ActiveCfg = Release|Any CPU
		{F703BD14-CDE4-4A34-8486-F6A88374A630}.Release|Any CPU.Build.0 = Release|Any CPU
		{210B96F7-2695-4750-8808-D895C8C2E303}.Debug|Any CPU.ActiveCfg = Debug|Any CPU
		{210B96F7-2695-4750-8808-D895C8C2E303}.Debug|Any CPU.Build.0 = Debug|Any CPU
		{210B96F7-2695-4750-8808-D895C8C2E303}.Release|Any CPU.ActiveCfg = Release|Any CPU
		{210B96F7-2695-4750-8808-D895C8C2E303}.Release|Any CPU.Build.0 = Release|Any CPU
		{E7CDB217-8442-4FD4-8E87-F4A8BFE9622A}.Debug|Any CPU.ActiveCfg = Debug|Any CPU
		{E7CDB217-8442-4FD4-8E87-F4A8BFE9622A}.Debug|Any CPU.Build.0 = Debug|Any CPU
		{E7CDB217-8442-4FD4-8E87-F4A8BFE9622A}.Release|Any CPU.ActiveCfg = Release|Any CPU
		{E7CDB217-8442-4FD4-8E87-F4A8BFE9622A}.Release|Any CPU.Build.0 = Release|Any CPU
	EndGlobalSection
	GlobalSection(SolutionProperties) = preSolution
		HideSolutionNode = FALSE
	EndGlobalSection
	GlobalSection(ExtensibilityGlobals) = postSolution
		SolutionGuid = {FC2CA84E-242A-4AEB-B00F-312DE0D19E95}
	EndGlobalSection
EndGlobal
